
Microsoft Visual Studio Solution File, Format Version 12.00
# Visual Studio Version 17
VisualStudioVersion = 17.0.32126.317
MinimumVisualStudioVersion = 10.0.40219.1
Project("{FAE04EC0-301F-11D3-BF4B-00C04F79EFBC}") = "EmpWage_OOPS", "EmpWage_OOPS.csproj", "{062B5947-1C02-4994-AC02-4CC483F1529B}"
EndProject
Global
	GlobalSection(SolutionConfigurationPlatforms) = preSolution
		Debug|Any CPU = Debug|Any CPU
		Release|Any CPU = Release|Any CPU
	EndGlobalSection
	GlobalSection(ProjectConfigurationPlatforms) = postSolution
		{062B5947-1C02-4994-AC02-4CC483F1529B}.Debug|Any CPU.ActiveCfg = Debug|Any CPU
		{062B5947-1C02-4994-AC02-4CC483F1529B}.Debug|Any CPU.Build.0 = Debug|Any CPU
		{062B5947-1C02-4994-AC02-4CC483F1529B}.Release|Any CPU.ActiveCfg = Release|Any CPU
		{062B5947-1C02-4994-AC02-4CC483F1529B}.Release|Any CPU.Build.0 = Release|Any CPU
	EndGlobalSection
	GlobalSection(SolutionProperties) = preSolution
		HideSolutionNode = FALSE
	EndGlobalSection
	GlobalSection(ExtensibilityGlobals) = postSolution
		SolutionGuid = {FBCFA392-5AFE-46B9-BFB7-DB6158056969}
	EndGlobalSection
EndGlobal
